PODS:
  - LLAPPaySDK (2.7.8):
    - LLPay/Core
  - LLPay/Core (2.7.6)

DEPENDENCIES:
  - LLAPPaySDK (from `../`)

SPEC REPOS:
  https://github.com/cocoapods/specs.git:
    - LLPay

EXTERNAL SOURCES:
  LLAPPaySDK:
    :path: "../"

SPEC CHECKSUMS:
  LLAPPaySDK: d81da77eb553b096145fbc688a64dec101d0283b
  LLPay: ead8cae820ba1980225e0299f89b038ac1690caa

PODFILE CHECKSUM: 586b945ba87b3c5aefb729503fba0132b9632c16

COCOAPODS: 1.6.1
